{
  "name": "testrepo",
  "version": "1.0.0",
  "lockfileVersion": 2,
  "requires": true,
  "packages": {
    "": {
      "name": "testrepo",
      "version": "1.0.0",
      "license": "ISC",
      "dependencies": {
        "standardlint": "^1.0.3"
      }
    },
    "node_modules/standardlint": {
      "version": "1.0.3",
      "resolved": "https://registry.npmjs.org/standardlint/-/standardlint-1.0.3.tgz",
      "integrity": "sha512-HoRZbLYKPUUyPZMVdx0fL4Hqq7nZV9jQpCF5/Y6Hib5BwEZ1wbDidPoXhfTGCYRz/qn0uc8s/9LYV+YRp7/Scw==",
      "bin": {
        "standardlint": "dist/index.js"
      }
    }
  },
  "dependencies": {
    "standardlint": {
      "version": "1.0.3",
      "resolved": "https://registry.npmjs.org/standardlint/-/standardlint-1.0.3.tgz",
      "integrity": "sha512-HoRZbLYKPUUyPZMVdx0fL4Hqq7nZV9jQpCF5/Y6Hib5BwEZ1wbDidPoXhfTGCYRz/qn0uc8s/9LYV+YRp7/Scw=="
    }
  }
}
